
Microsoft Visual Studio Solution File, Format Version 11.00
# Visual Studio 2010
Project("{FAE04EC0-301F-11D3-BF4B-00C04F79EFBC}") = "Cession", "Cession\Cession.csproj", "{D66E81CD-2D58-48CB-BC2B-9F6C3C3E59F6}"
EndProject
Project("{FAE04EC0-301F-11D3-BF4B-00C04F79EFBC}") = "Core", "Core\Core.csproj", "{F25F6954-2A81-4E4F-A2C0-EDF47B0A3F52}"
EndProject
Project("{FAE04EC0-301F-11D3-BF4B-00C04F79EFBC}") = "Cession.MonoTouch", "Cession.MonoTouch\Cession.MonoTouch.csproj", "{2ED77A31-EB48-48A7-AA40-0E87C608946A}"
EndProject
Project("{FAE04EC0-301F-11D3-BF4B-00C04F79EFBC}") = "Cession.Geometries", "..\Geometries\src\Cession.Geometries\Cession.Geometries.csproj", "{0B25DDCE-3544-4F46-B6E5-88A605A28615}"
EndProject
Project("{FAE04EC0-301F-11D3-BF4B-00C04F79EFBC}") = "GeometryTest", "..\Geometries\src\GeometryTest\GeometryTest.csproj", "{32356672-0D73-4901-B006-DDF8AC71425D}"
EndProject
Global
	GlobalSection(SolutionConfigurationPlatforms) = preSolution
		Debug|iPhoneSimulator = Debug|iPhoneSimulator
		Release|iPhoneSimulator = Release|iPhoneSimulator
		Debug|iPhone = Debug|iPhone
		Release|iPhone = Release|iPhone
		Ad-Hoc|iPhone = Ad-Hoc|iPhone
		AppStore|iPhone = AppStore|iPhone
	EndGlobalSection
	GlobalSection(ProjectConfigurationPlatforms) = postSolution
		{0B25DDCE-3544-4F46-B6E5-88A605A28615}.Ad-Hoc|iPhone.ActiveCfg = Release|Any CPU
		{0B25DDCE-3544-4F46-B6E5-88A605A28615}.Ad-Hoc|iPhone.Build.0 = Release|Any CPU
		{0B25DDCE-3544-4F46-B6E5-88A605A28615}.AppStore|iPhone.ActiveCfg = Release|Any CPU
		{0B25DDCE-3544-4F46-B6E5-88A605A28615}.AppStore|iPhone.Build.0 = Release|Any CPU
		{0B25DDCE-3544-4F46-B6E5-88A605A28615}.Debug|iPhone.ActiveCfg = Debug|Any CPU
		{0B25DDCE-3544-4F46-B6E5-88A605A28615}.Debug|iPhone.Build.0 = Debug|Any CPU
		{0B25DDCE-3544-4F46-B6E5-88A605A28615}.Debug|iPhoneSimulator.ActiveCfg = Debug|Any CPU
		{0B25DDCE-3544-4F46-B6E5-88A605A28615}.Debug|iPhoneSimulator.Build.0 = Debug|Any CPU
		{0B25DDCE-3544-4F46-B6E5-88A605A28615}.Release|iPhone.ActiveCfg = Release|Any CPU
		{0B25DDCE-3544-4F46-B6E5-88A605A28615}.Release|iPhone.Build.0 = Release|Any CPU
		{0B25DDCE-3544-4F46-B6E5-88A605A28615}.Release|iPhoneSimulator.ActiveCfg = Release|Any CPU
		{0B25DDCE-3544-4F46-B6E5-88A605A28615}.Release|iPhoneSimulator.Build.0 = Release|Any CPU
		{2ED77A31-EB48-48A7-AA40-0E87C608946A}.Ad-Hoc|iPhone.ActiveCfg = Release|Any CPU
		{2ED77A31-EB48-48A7-AA40-0E87C608946A}.Ad-Hoc|iPhone.Build.0 = Release|Any CPU
		{2ED77A31-EB48-48A7-AA40-0E87C608946A}.AppStore|iPhone.ActiveCfg = Release|Any CPU
		{2ED77A31-EB48-48A7-AA40-0E87C608946A}.AppStore|iPhone.Build.0 = Release|Any CPU
		{2ED77A31-EB48-48A7-AA40-0E87C608946A}.Debug|iPhone.ActiveCfg = Debug|Any CPU
		{2ED77A31-EB48-48A7-AA40-0E87C608946A}.Debug|iPhone.Build.0 = Debug|Any CPU
		{2ED77A31-EB48-48A7-AA40-0E87C608946A}.Debug|iPhoneSimulator.ActiveCfg = Debug|Any CPU
		{2ED77A31-EB48-48A7-AA40-0E87C608946A}.Debug|iPhoneSimulator.Build.0 = Debug|Any CPU
		{2ED77A31-EB48-48A7-AA40-0E87C608946A}.Release|iPhone.ActiveCfg = Release|Any CPU
		{2ED77A31-EB48-48A7-AA40-0E87C608946A}.Release|iPhone.Build.0 = Release|Any CPU
		{2ED77A31-EB48-48A7-AA40-0E87C608946A}.Release|iPhoneSimulator.ActiveCfg = Release|Any CPU
		{2ED77A31-EB48-48A7-AA40-0E87C608946A}.Release|iPhoneSimulator.Build.0 = Release|Any CPU
		{32356672-0D73-4901-B006-DDF8AC71425D}.Ad-Hoc|iPhone.ActiveCfg = Release|Any CPU
		{32356672-0D73-4901-B006-DDF8AC71425D}.Ad-Hoc|iPhone.Build.0 = Release|Any CPU
		{32356672-0D73-4901-B006-DDF8AC71425D}.AppStore|iPhone.ActiveCfg = Release|Any CPU
		{32356672-0D73-4901-B006-DDF8AC71425D}.AppStore|iPhone.Build.0 = Release|Any CPU
		{32356672-0D73-4901-B006-DDF8AC71425D}.Debug|iPhone.ActiveCfg = Debug|Any CPU
		{32356672-0D73-4901-B006-DDF8AC71425D}.Debug|iPhone.Build.0 = Debug|Any CPU
		{32356672-0D73-4901-B006-DDF8AC71425D}.Debug|iPhoneSimulator.ActiveCfg = Debug|Any CPU
		{32356672-0D73-4901-B006-DDF8AC71425D}.Debug|iPhoneSimulator.Build.0 = Debug|Any CPU
		{32356672-0D73-4901-B006-DDF8AC71425D}.Release|iPhone.ActiveCfg = Release|Any CPU
		{32356672-0D73-4901-B006-DDF8AC71425D}.Release|iPhone.Build.0 = Release|Any CPU
		{32356672-0D73-4901-B006-DDF8AC71425D}.Release|iPhoneSimulator.ActiveCfg = Release|Any CPU
		{32356672-0D73-4901-B006-DDF8AC71425D}.Release|iPhoneSimulator.Build.0 = Release|Any CPU
		{D66E81CD-2D58-48CB-BC2B-9F6C3C3E59F6}.Ad-Hoc|iPhone.ActiveCfg = Ad-Hoc|iPhone
		{D66E81CD-2D58-48CB-BC2B-9F6C3C3E59F6}.Ad-Hoc|iPhone.Build.0 = Ad-Hoc|iPhone
		{D66E81CD-2D58-48CB-BC2B-9F6C3C3E59F6}.AppStore|iPhone.ActiveCfg = AppStore|iPhone
		{D66E81CD-2D58-48CB-BC2B-9F6C3C3E59F6}.AppStore|iPhone.Build.0 = AppStore|iPhone
		{D66E81CD-2D58-48CB-BC2B-9F6C3C3E59F6}.Debug|iPhone.ActiveCfg = Debug|iPhone
		{D66E81CD-2D58-48CB-BC2B-9F6C3C3E59F6}.Debug|iPhone.Build.0 = Debug|iPhone
		{D66E81CD-2D58-48CB-BC2B-9F6C3C3E59F6}.Debug|iPhoneSimulator.ActiveCfg = Debug|iPhoneSimulator
		{D66E81CD-2D58-48CB-BC2B-9F6C3C3E59F6}.Debug|iPhoneSimulator.Build.0 = Debug|iPhoneSimulator
		{D66E81CD-2D58-48CB-BC2B-9F6C3C3E59F6}.Release|iPhone.ActiveCfg = Release|iPhone
		{D66E81CD-2D58-48CB-BC2B-9F6C3C3E59F6}.Release|iPhone.Build.0 = Release|iPhone
		{D66E81CD-2D58-48CB-BC2B-9F6C3C3E59F6}.Release|iPhoneSimulator.ActiveCfg = Release|iPhoneSimulator
		{D66E81CD-2D58-48CB-BC2B-9F6C3C3E59F6}.Release|iPhoneSimulator.Build.0 = Release|iPhoneSimulator
		{F25F6954-2A81-4E4F-A2C0-EDF47B0A3F52}.Ad-Hoc|iPhone.ActiveCfg = Release|Any CPU
		{F25F6954-2A81-4E4F-A2C0-EDF47B0A3F52}.Ad-Hoc|iPhone.Build.0 = Release|Any CPU
		{F25F6954-2A81-4E4F-A2C0-EDF47B0A3F52}.AppStore|iPhone.ActiveCfg = Release|Any CPU
		{F25F6954-2A81-4E4F-A2C0-EDF47B0A3F52}.AppStore|iPhone.Build.0 = Release|Any CPU
		{F25F6954-2A81-4E4F-A2C0-EDF47B0A3F52}.Debug|iPhone.ActiveCfg = Debug|Any CPU
		{F25F6954-2A81-4E4F-A2C0-EDF47B0A3F52}.Debug|iPhone.Build.0 = Debug|Any CPU
		{F25F6954-2A81-4E4F-A2C0-EDF47B0A3F52}.Debug|iPhoneSimulator.ActiveCfg = Debug|Any CPU
		{F25F6954-2A81-4E4F-A2C0-EDF47B0A3F52}.Debug|iPhoneSimulator.Build.0 = Debug|Any CPU
		{F25F6954-2A81-4E4F-A2C0-EDF47B0A3F52}.Release|iPhone.ActiveCfg = Release|Any CPU
		{F25F6954-2A81-4E4F-A2C0-EDF47B0A3F52}.Release|iPhone.Build.0 = Release|Any CPU
		{F25F6954-2A81-4E4F-A2C0-EDF47B0A3F52}.Release|iPhoneSimulator.ActiveCfg = Release|Any CPU
		{F25F6954-2A81-4E4F-A2C0-EDF47B0A3F52}.Release|iPhoneSimulator.Build.0 = Release|Any CPU
	EndGlobalSection
	GlobalSection(MonoDevelopProperties) = preSolution
		Policies = $0
		$0.DotNetNamingPolicy = $1
		$1.DirectoryNamespaceAssociation = None
		$1.ResourceNamePolicy = FileFormatDefault
		$0.NameConventionPolicy = $2
		$2.Rules = $3
		$3.NamingRule = $4
		$4.Name = Namespaces
		$4.AffectedEntity = Namespace
		$4.VisibilityMask = VisibilityMask
		$4.NamingStyle = PascalCase
		$4.IncludeInstanceMembers = True
		$4.IncludeStaticEntities = True
		$3.NamingRule = $5
		$5.Name = Types
		$5.AffectedEntity = Class, Struct, Enum, Delegate
		$5.VisibilityMask = Public
		$5.NamingStyle = PascalCase
		$5.IncludeInstanceMembers = True
		$5.IncludeStaticEntities = True
		$3.NamingRule = $6
		$6.Name = Interfaces
		$6.RequiredPrefixes = $7
		$7.String = I
		$6.AffectedEntity = Interface
		$6.VisibilityMask = Public
		$6.NamingStyle = PascalCase
		$6.IncludeInstanceMembers = True
		$6.IncludeStaticEntities = True
		$3.NamingRule = $8
		$8.Name = Attributes
		$8.RequiredSuffixes = $9
		$9.String = Attribute
		$8.AffectedEntity = CustomAttributes
		$8.VisibilityMask = Public
		$8.NamingStyle = PascalCase
		$8.IncludeInstanceMembers = True
		$8.IncludeStaticEntities = True
		$3.NamingRule = $10
		$10.Name = Event Arguments
		$10.RequiredSuffixes = $11
		$11.String = EventArgs
		$10.AffectedEntity = CustomEventArgs
		$10.VisibilityMask = Public
		$10.NamingStyle = PascalCase
		$10.IncludeInstanceMembers = True
		$10.IncludeStaticEntities = True
		$3.NamingRule = $12
		$12.Name = Exceptions
		$12.RequiredSuffixes = $13
		$13.String = Exception
		$12.AffectedEntity = CustomExceptions
		$12.VisibilityMask = VisibilityMask
		$12.NamingStyle = PascalCase
		$12.IncludeInstanceMembers = True
		$12.IncludeStaticEntities = True
		$3.NamingRule = $14
		$14.Name = Methods
		$14.AffectedEntity = Methods
		$14.VisibilityMask = Protected, Public
		$14.NamingStyle = PascalCase
		$14.IncludeInstanceMembers = True
		$14.IncludeStaticEntities = True
		$3.NamingRule = $15
		$15.Name = Static Readonly Fields
		$15.AffectedEntity = ReadonlyField
		$15.VisibilityMask = Protected, Public
		$15.NamingStyle = PascalCase
		$15.IncludeInstanceMembers = False
		$15.IncludeStaticEntities = True
		$3.NamingRule = $16
		$16.Name = Fields
		$16.AffectedEntity = Field
		$16.VisibilityMask = Protected, Public
		$16.NamingStyle = PascalCase
		$16.IncludeInstanceMembers = True
		$16.IncludeStaticEntities = True
		$3.NamingRule = $17
		$17.Name = ReadOnly Fields
		$17.AffectedEntity = ReadonlyField
		$17.VisibilityMask = Protected, Public
		$17.NamingStyle = PascalCase
		$17.IncludeInstanceMembers = True
		$17.IncludeStaticEntities = False
		$3.NamingRule = $18
		$18.Name = Constant Fields
		$18.AffectedEntity = ConstantField
		$18.VisibilityMask = Protected, Public
		$18.NamingStyle = PascalCase
		$18.IncludeInstanceMembers = True
		$18.IncludeStaticEntities = True
		$3.NamingRule = $19
		$19.Name = Properties
		$19.AffectedEntity = Property
		$19.VisibilityMask = Protected, Public
		$19.NamingStyle = PascalCase
		$19.IncludeInstanceMembers = True
		$19.IncludeStaticEntities = True
		$3.NamingRule = $20
		$20.Name = Events
		$20.AffectedEntity = Event
		$20.VisibilityMask = Protected, Public
		$20.NamingStyle = PascalCase
		$20.IncludeInstanceMembers = True
		$20.IncludeStaticEntities = True
		$3.NamingRule = $21
		$21.Name = Enum Members
		$21.AffectedEntity = EnumMember
		$21.VisibilityMask = VisibilityMask
		$21.NamingStyle = PascalCase
		$21.IncludeInstanceMembers = True
		$21.IncludeStaticEntities = True
		$3.NamingRule = $22
		$22.Name = Parameters
		$22.AffectedEntity = Parameter
		$22.VisibilityMask = VisibilityMask
		$22.NamingStyle = CamelCase
		$22.IncludeInstanceMembers = True
		$22.IncludeStaticEntities = True
		$3.NamingRule = $23
		$23.Name = Type Parameters
		$23.RequiredPrefixes = $24
		$24.String = T
		$23.AffectedEntity = TypeParameter
		$23.VisibilityMask = VisibilityMask
		$23.NamingStyle = PascalCase
		$23.IncludeInstanceMembers = True
		$23.IncludeStaticEntities = True
	EndGlobalSection
EndGlobal
