
Microsoft Visual Studio Solution File, Format Version 12.00
# Visual Studio 2012
Project("{FAE04EC0-301F-11D3-BF4B-00C04F79EFBC}") = "GeometryTest", "GeometryTest\GeometryTest.csproj", "{90C448D3-A794-4BBB-87C8-30DFEF4B0F8A}"
EndProject
Global
	GlobalSection(SolutionConfigurationPlatforms) = preSolution
		Debug|x86 = Debug|x86
		Release|x86 = Release|x86
	EndGlobalSection
	GlobalSection(ProjectConfigurationPlatforms) = postSolution
		{90C448D3-A794-4BBB-87C8-30DFEF4B0F8A}.Debug|x86.ActiveCfg = Debug|Any CPU
		{90C448D3-A794-4BBB-87C8-30DFEF4B0F8A}.Debug|x86.Build.0 = Debug|Any CPU
		{90C448D3-A794-4BBB-87C8-30DFEF4B0F8A}.Release|x86.ActiveCfg = Release|Any CPU
		{90C448D3-A794-4BBB-87C8-30DFEF4B0F8A}.Release|x86.Build.0 = Release|Any CPU
	EndGlobalSection
EndGlobal
